
Microsoft Visual Studio Solution File, Format Version 12.00
# Visual Studio Version 17
VisualStudioVersion = 17.6.33829.357
MinimumVisualStudioVersion = 10.0.40219.1
Project("{9A19103F-16F7-4668-BE54-9A1E7A4F7556}") = "Biblioteca", "Biblioteca\Biblioteca.csproj", "{8D059E4D-E155-411F-9379-47DC7F3E90EA}"
EndProject
Project("{9A19103F-16F7-4668-BE54-9A1E7A4F7556}") = "BibliotecaDB", "BibliotecaDB\BibliotecaDB.csproj", "{D600D175-4D75-4A5B-8BE1-8D0325D79E20}"
EndProject
Global
	GlobalSection(SolutionConfigurationPlatforms) = preSolution
		Debug|Any CPU = Debug|Any CPU
		Release|Any CPU = Release|Any CPU
	EndGlobalSection
	GlobalSection(ProjectConfigurationPlatforms) = postSolution
		{8D059E4D-E155-411F-9379-47DC7F3E90EA}.Debug|Any CPU.ActiveCfg = Debug|Any CPU
		{8D059E4D-E155-411F-9379-47DC7F3E90EA}.Debug|Any CPU.Build.0 = Debug|Any CPU
		{8D059E4D-E155-411F-9379-47DC7F3E90EA}.Release|Any CPU.ActiveCfg = Release|Any CPU
		{8D059E4D-E155-411F-9379-47DC7F3E90EA}.Release|Any CPU.Build.0 = Release|Any CPU
		{D600D175-4D75-4A5B-8BE1-8D0325D79E20}.Debug|Any CPU.ActiveCfg = Debug|Any CPU
		{D600D175-4D75-4A5B-8BE1-8D0325D79E20}.Debug|Any CPU.Build.0 = Debug|Any CPU
		{D600D175-4D75-4A5B-8BE1-8D0325D79E20}.Release|Any CPU.ActiveCfg = Release|Any CPU
		{D600D175-4D75-4A5B-8BE1-8D0325D79E20}.Release|Any CPU.Build.0 = Release|Any CPU
	EndGlobalSection
	GlobalSection(SolutionProperties) = preSolution
		HideSolutionNode = FALSE
	EndGlobalSection
	GlobalSection(ExtensibilityGlobals) = postSolution
		SolutionGuid = {2B1A2B39-4109-4B6B-B4FF-651C893AEABA}
	EndGlobalSection
EndGlobal
